PODS:
  - Turbolinks (2.0.0)

DEPENDENCIES:
  - Turbolinks (from `https://github.com/turbolinks/turbolinks-ios.git`, branch `swift-3.0`)

EXTERNAL SOURCES:
  Turbolinks:
    :branch: swift-3.0
    :git: https://github.com/turbolinks/turbolinks-ios.git

CHECKOUT OPTIONS:
  Turbolinks:
    :commit: 1d6e267dd6a60faed8e51d2cbf893bd7d7851538
    :git: https://github.com/turbolinks/turbolinks-ios.git

SPEC CHECKSUMS:
  Turbolinks: 3f60819d36350d872b436dc22497a1050c144b95

PODFILE CHECKSUM: 231afc54905cf60ee7773e77eaaa856a1dac2f58

COCOAPODS: 1.3.1
